
Microsoft Visual Studio Solution File, Format Version 12.00
# Visual Studio 15
Project("{FAE04EC0-301F-11D3-BF4B-00C04F79EFBC}") = "Assembly-CSharp", "Assembly-CSharp.csproj", "{B6430AB6-76C7-A5A4-238E-757674A2BA5D}"
EndProject
Project("{FAE04EC0-301F-11D3-BF4B-00C04F79EFBC}") = "Assembly-CSharp-Editor", "Assembly-CSharp-Editor.csproj", "{5E22AE55-415F-581F-AD5B-4A68DC823DF9}"
EndProject
Global
	GlobalSection(SolutionConfigurationPlatforms) = preSolution
		Debug|Any CPU = Debug|Any CPU
		Release|Any CPU = Release|Any CPU
	EndGlobalSection
	GlobalSection(ProjectConfigurationPlatforms) = postSolution
		{B6430AB6-76C7-A5A4-238E-757674A2BA5D}.Debug|Any CPU.ActiveCfg = Debug|Any CPU
		{B6430AB6-76C7-A5A4-238E-757674A2BA5D}.Debug|Any CPU.Build.0 = Debug|Any CPU
		{B6430AB6-76C7-A5A4-238E-757674A2BA5D}.Release|Any CPU.ActiveCfg = Release|Any CPU
		{B6430AB6-76C7-A5A4-238E-757674A2BA5D}.Release|Any CPU.Build.0 = Release|Any CPU
		{5E22AE55-415F-581F-AD5B-4A68DC823DF9}.Debug|Any CPU.ActiveCfg = Debug|Any CPU
		{5E22AE55-415F-581F-AD5B-4A68DC823DF9}.Debug|Any CPU.Build.0 = Debug|Any CPU
		{5E22AE55-415F-581F-AD5B-4A68DC823DF9}.Release|Any CPU.ActiveCfg = Release|Any CPU
		{5E22AE55-415F-581F-AD5B-4A68DC823DF9}.Release|Any CPU.Build.0 = Release|Any CPU
	EndGlobalSection
	GlobalSection(SolutionProperties) = preSolution
		HideSolutionNode = FALSE
	EndGlobalSection
EndGlobal
